
Microsoft Visual Studio Solution File, Format Version 12.00
# Visual Studio 15
VisualStudioVersion = 15.0.27130.2010
MinimumVisualStudioVersion = 10.0.40219.1
Project("{FAE04EC0-301F-11D3-BF4B-00C04F79EFBC}") = "Indexer1", "Indexer1\Indexer1.csproj", "{843EE5BF-C08E-490D-957B-E1BAD70E1501}"
EndProject
Global
	GlobalSection(SolutionConfigurationPlatforms) = preSolution
		Debug|Any CPU = Debug|Any CPU
		Release|Any CPU = Release|Any CPU
	EndGlobalSection
	GlobalSection(ProjectConfigurationPlatforms) = postSolution
		{843EE5BF-C08E-490D-957B-E1BAD70E1501}.Debug|Any CPU.ActiveCfg = Debug|Any CPU
		{843EE5BF-C08E-490D-957B-E1BAD70E1501}.Debug|Any CPU.Build.0 = Debug|Any CPU
		{843EE5BF-C08E-490D-957B-E1BAD70E1501}.Release|Any CPU.ActiveCfg = Release|Any CPU
		{843EE5BF-C08E-490D-957B-E1BAD70E1501}.Release|Any CPU.Build.0 = Release|Any CPU
	EndGlobalSection
	GlobalSection(SolutionProperties) = preSolution
		HideSolutionNode = FALSE
	EndGlobalSection
	GlobalSection(ExtensibilityGlobals) = postSolution
		SolutionGuid = {36AB9849-A859-4FB9-BF6B-05D87D845E15}
	EndGlobalSection
EndGlobal
