
Microsoft Visual Studio Solution File, Format Version 12.00
# Visual Studio 15
VisualStudioVersion = 15.0.27130.2010
MinimumVisualStudioVersion = 10.0.40219.1
Project("{FAE04EC0-301F-11D3-BF4B-00C04F79EFBC}") = "CSharp2.0", "CSharp2.0\CSharp2.0.csproj", "{075DCFED-8C06-4CF6-89D4-B19A89BC77F0}"
EndProject
Global
	GlobalSection(SolutionConfigurationPlatforms) = preSolution
		Debug|Any CPU = Debug|Any CPU
		Release|Any CPU = Release|Any CPU
	EndGlobalSection
	GlobalSection(ProjectConfigurationPlatforms) = postSolution
		{075DCFED-8C06-4CF6-89D4-B19A89BC77F0}.Debug|Any CPU.ActiveCfg = Debug|Any CPU
		{075DCFED-8C06-4CF6-89D4-B19A89BC77F0}.Debug|Any CPU.Build.0 = Debug|Any CPU
		{075DCFED-8C06-4CF6-89D4-B19A89BC77F0}.Release|Any CPU.ActiveCfg = Release|Any CPU
		{075DCFED-8C06-4CF6-89D4-B19A89BC77F0}.Release|Any CPU.Build.0 = Release|Any CPU
	EndGlobalSection
	GlobalSection(SolutionProperties) = preSolution
		HideSolutionNode = FALSE
	EndGlobalSection
	GlobalSection(ExtensibilityGlobals) = postSolution
		SolutionGuid = {1FA32C7C-CBBA-492B-9034-3466598652FA}
	EndGlobalSection
EndGlobal
